
Microsoft Visual Studio Solution File, Format Version 11.00
# Visual Studio 2010
Project("{FAE04EC0-301F-11D3-BF4B-00C04F79EFBC}") = "Assembly-CSharp", "Assembly-CSharp.csproj", "{ae68cf75-51eb-08be-22f1-6b6a4a2505ef}"
EndProject
Global
	GlobalSection(SolutionConfigurationPlatforms) = preSolution
		Debug|Any CPU = Debug|Any CPU
		Release|Any CPU = Release|Any CPU
	EndGlobalSection
	GlobalSection(ProjectConfigurationPlatforms) = postSolution
		{ae68cf75-51eb-08be-22f1-6b6a4a2505ef}.Debug|Any CPU.ActiveCfg = Debug|Any CPU
		{ae68cf75-51eb-08be-22f1-6b6a4a2505ef}.Debug|Any CPU.Build.0 = Debug|Any CPU
		{ae68cf75-51eb-08be-22f1-6b6a4a2505ef}.Release|Any CPU.ActiveCfg = Release|Any CPU
		{ae68cf75-51eb-08be-22f1-6b6a4a2505ef}.Release|Any CPU.Build.0 = Release|Any CPU
	EndGlobalSection
	GlobalSection(SolutionProperties) = preSolution
		HideSolutionNode = FALSE
	EndGlobalSection
EndGlobal
