
Microsoft Visual Studio Solution File, Format Version 12.00
# Visual Studio 15
Project("{FAE04EC0-301F-11D3-BF4B-00C04F79EFBC}") = "Assembly-CSharp", "Assembly-CSharp.csproj", "{B33C27E1-036E-F7F5-FED1-5440EE0C9F92}"
EndProject
Project("{FAE04EC0-301F-11D3-BF4B-00C04F79EFBC}") = "Assembly-CSharp-Editor", "Assembly-CSharp-Editor.csproj", "{0C2E8AF3-A141-7186-FD9D-04B2D2741297}"
EndProject
Global
	GlobalSection(SolutionConfigurationPlatforms) = preSolution
		Debug|Any CPU = Debug|Any CPU
		Release|Any CPU = Release|Any CPU
	EndGlobalSection
	GlobalSection(ProjectConfigurationPlatforms) = postSolution
		{B33C27E1-036E-F7F5-FED1-5440EE0C9F92}.Debug|Any CPU.ActiveCfg = Debug|Any CPU
		{B33C27E1-036E-F7F5-FED1-5440EE0C9F92}.Debug|Any CPU.Build.0 = Debug|Any CPU
		{B33C27E1-036E-F7F5-FED1-5440EE0C9F92}.Release|Any CPU.ActiveCfg = Release|Any CPU
		{B33C27E1-036E-F7F5-FED1-5440EE0C9F92}.Release|Any CPU.Build.0 = Release|Any CPU
		{0C2E8AF3-A141-7186-FD9D-04B2D2741297}.Debug|Any CPU.ActiveCfg = Debug|Any CPU
		{0C2E8AF3-A141-7186-FD9D-04B2D2741297}.Debug|Any CPU.Build.0 = Debug|Any CPU
		{0C2E8AF3-A141-7186-FD9D-04B2D2741297}.Release|Any CPU.ActiveCfg = Release|Any CPU
		{0C2E8AF3-A141-7186-FD9D-04B2D2741297}.Release|Any CPU.Build.0 = Release|Any CPU
	EndGlobalSection
	GlobalSection(SolutionProperties) = preSolution
		HideSolutionNode = FALSE
	EndGlobalSection
EndGlobal
