
Microsoft Visual Studio Solution File, Format Version 11.00
# Visual Studio 2010
Project("{FAE04EC0-301F-11D3-BF4B-00C04F79EFBC}") = "Assembly-CSharp", "Assembly-CSharp.csproj", "{9034198b-4a69-38ad-b065-4abf4fdc9e70}"
EndProject
Project("{FAE04EC0-301F-11D3-BF4B-00C04F79EFBC}") = "Assembly-CSharp-Editor", "Assembly-CSharp-Editor.csproj", "{682b78a1-88f5-5d25-bf53-62fdfcf1eca9}"
EndProject
Global
	GlobalSection(SolutionConfigurationPlatforms) = preSolution
		Debug|Any CPU = Debug|Any CPU
		Release|Any CPU = Release|Any CPU
	EndGlobalSection
	GlobalSection(ProjectConfigurationPlatforms) = postSolution
		{9034198b-4a69-38ad-b065-4abf4fdc9e70}.Debug|Any CPU.ActiveCfg = Debug|Any CPU
		{9034198b-4a69-38ad-b065-4abf4fdc9e70}.Debug|Any CPU.Build.0 = Debug|Any CPU
		{9034198b-4a69-38ad-b065-4abf4fdc9e70}.Release|Any CPU.ActiveCfg = Release|Any CPU
		{9034198b-4a69-38ad-b065-4abf4fdc9e70}.Release|Any CPU.Build.0 = Release|Any CPU
		{682b78a1-88f5-5d25-bf53-62fdfcf1eca9}.Debug|Any CPU.ActiveCfg = Debug|Any CPU
		{682b78a1-88f5-5d25-bf53-62fdfcf1eca9}.Debug|Any CPU.Build.0 = Debug|Any CPU
		{682b78a1-88f5-5d25-bf53-62fdfcf1eca9}.Release|Any CPU.ActiveCfg = Release|Any CPU
		{682b78a1-88f5-5d25-bf53-62fdfcf1eca9}.Release|Any CPU.Build.0 = Release|Any CPU
	EndGlobalSection
	GlobalSection(SolutionProperties) = preSolution
		HideSolutionNode = FALSE
	EndGlobalSection
EndGlobal
