
Microsoft Visual Studio Solution File, Format Version 11.00
# Visual Studio 2010
Project("{FAE04EC0-301F-11D3-BF4B-00C04F79EFBC}") = "LemonFramework.Runtime", "LemonFramework.Runtime.csproj", "{6792d4ae-bf8e-96cf-dd0a-e0c33e47099b}"
EndProject
Project("{FAE04EC0-301F-11D3-BF4B-00C04F79EFBC}") = "Assembly-CSharp", "Assembly-CSharp.csproj", "{440a4f21-3ed8-c05a-0877-55afabdd59fa}"
EndProject
Project("{FAE04EC0-301F-11D3-BF4B-00C04F79EFBC}") = "LemonFramework.Editor", "LemonFramework.Editor.csproj", "{462c0e83-0363-7861-68e1-763b8cb0c820}"
EndProject
Project("{FAE04EC0-301F-11D3-BF4B-00C04F79EFBC}") = "LemonFramework.Log", "LemonFramework.Log.csproj", "{6a8549ef-18c6-c9cd-9909-670ef790c530}"
EndProject
Global
	GlobalSection(SolutionConfigurationPlatforms) = preSolution
		Debug|Any CPU = Debug|Any CPU
	EndGlobalSection
	GlobalSection(ProjectConfigurationPlatforms) = postSolution
		{6792d4ae-bf8e-96cf-dd0a-e0c33e47099b}.Debug|Any CPU.ActiveCfg = Debug|Any CPU
		{6792d4ae-bf8e-96cf-dd0a-e0c33e47099b}.Debug|Any CPU.Build.0 = Debug|Any CPU
		{440a4f21-3ed8-c05a-0877-55afabdd59fa}.Debug|Any CPU.ActiveCfg = Debug|Any CPU
		{440a4f21-3ed8-c05a-0877-55afabdd59fa}.Debug|Any CPU.Build.0 = Debug|Any CPU
		{462c0e83-0363-7861-68e1-763b8cb0c820}.Debug|Any CPU.ActiveCfg = Debug|Any CPU
		{462c0e83-0363-7861-68e1-763b8cb0c820}.Debug|Any CPU.Build.0 = Debug|Any CPU
		{6a8549ef-18c6-c9cd-9909-670ef790c530}.Debug|Any CPU.ActiveCfg = Debug|Any CPU
		{6a8549ef-18c6-c9cd-9909-670ef790c530}.Debug|Any CPU.Build.0 = Debug|Any CPU
	EndGlobalSection
	GlobalSection(SolutionProperties) = preSolution
		HideSolutionNode = FALSE
	EndGlobalSection
EndGlobal
